
Microsoft Visual Studio Solution File, Format Version 12.00
# Visual Studio Version 17
VisualStudioVersion = 17.0.32112.339
MinimumVisualStudioVersion = 10.0.40219.1
Project("{FAE04EC0-301F-11D3-BF4B-00C04F79EFBC}") = "CMS.Host", "CMS.Host.csproj", "{BE154083-DCB3-473C-9AF2-4C86C5BE98EE}"
EndProject
Project("{FAE04EC0-301F-11D3-BF4B-00C04F79EFBC}") = "CMS.Core", "..\CMS.Core\CMS.Core.csproj", "{40239F8C-59FD-49F3-848A-784FD311F1CA}"
EndProject
Global
	GlobalSection(SolutionConfigurationPlatforms) = preSolution
		Debug|Any CPU = Debug|Any CPU
		Release|Any CPU = Release|Any CPU
	EndGlobalSection
	GlobalSection(ProjectConfigurationPlatforms) = postSolution
		{BE154083-DCB3-473C-9AF2-4C86C5BE98EE}.Debug|Any CPU.ActiveCfg = Debug|Any CPU
		{BE154083-DCB3-473C-9AF2-4C86C5BE98EE}.Debug|Any CPU.Build.0 = Debug|Any CPU
		{BE154083-DCB3-473C-9AF2-4C86C5BE98EE}.Release|Any CPU.ActiveCfg = Release|Any CPU
		{BE154083-DCB3-473C-9AF2-4C86C5BE98EE}.Release|Any CPU.Build.0 = Release|Any CPU
		{40239F8C-59FD-49F3-848A-784FD311F1CA}.Debug|Any CPU.ActiveCfg = Debug|Any CPU
		{40239F8C-59FD-49F3-848A-784FD311F1CA}.Debug|Any CPU.Build.0 = Debug|Any CPU
		{40239F8C-59FD-49F3-848A-784FD311F1CA}.Release|Any CPU.ActiveCfg = Release|Any CPU
		{40239F8C-59FD-49F3-848A-784FD311F1CA}.Release|Any CPU.Build.0 = Release|Any CPU
	EndGlobalSection
	GlobalSection(SolutionProperties) = preSolution
		HideSolutionNode = FALSE
	EndGlobalSection
	GlobalSection(ExtensibilityGlobals) = postSolution
		SolutionGuid = {F1C059EB-64D6-4E38-8F75-793647B9257E}
	EndGlobalSection
EndGlobal
